// !$*UTF8*$!
{
	archiveVersion = 1;
	classes = {
	};
	objectVersion = 46;
	objects = {

/* Begin PBXBuildFile section */
		41BCCCC01BE976FF00E83BF4 /* AppDelegate.swift in Sources */ = {isa = PBXBuildFile; fileRef = 41BCCCBF1BE976FF00E83BF4 /* AppDelegate.swift */; };
		41BCCCC21BE976FF00E83BF4 /* ViewController.swift in Sources */ = {isa = PBXBuildFile; fileRef = 41BCCCC11BE976FF00E83BF4 /* ViewController.swift */; };
		41BCCCC51BE976FF00E83BF4 /* Main.storyboard in Resources */ = {isa = PBXBuildFile; fileRef = 41BCCCC31BE976FF00E83BF4 /* Main.storyboard */; };
		41BCCCC71BE976FF00E83BF4 /* Assets.xcassets in Resources */ = {isa = PBXBuildFile; fileRef = 41BCCCC61BE976FF00E83BF4 /* Assets.xcassets */; };
		41BCCCCA1BE976FF00E83BF4 /* LaunchScreen.storyboard in Resources */ = {isa = PBXBuildFile; fileRef = 41BCCCC81BE976FF00E83BF4 /* LaunchScreen.storyboard */; };
/* End PBXBuildFile section */

/* Begin PBXFileReference section */
		41BCCCBC1BE976FF00E83BF4 /* test and delete.app */ = {isa = PBXFileReference; explicitFileType = wrapper.application; includeInIndex = 0; path = "test and delete.app"; sourceTree = BUILT_PRODUCTS_DIR; };
		41BCCCBF1BE976FF00E83BF4 /* AppDelegate.swift */ = {isa = PBXFileReference; lastKnownFileType = sourcecode.swift; path = AppDelegate.swift; sourceTree = "<group>"; };
		41BCCCC11BE976FF00E83BF4 /* ViewController.swift */ = {isa = PBXFileReference; lastKnownFileType = sourcecode.swift; path = ViewController.swift; sourceTree = "<group>"; };
		41BCCCC41BE976FF00E83BF4 /* Base */ = {isa = PBXFileReference; lastKnownFileType = file.storyboard; name = Base; path = Base.lproj/Main.storyboard; sourceTree = "<group>"; };
		41BCCCC61BE976FF00E83BF4 /* Assets.xcassets */ = {isa = PBXFileReference; lastKnownFileType = folder.assetcatalog; path = Assets.xcassets; sourceTree = "<group>"; };
		41BCCCC91BE976FF00E83BF4 /* Base */ = {isa = PBXFileReference; lastKnownFileType = file.storyboard; name = Base; path = Base.lproj/LaunchScreen.storyboard; sourceTree = "<group>"; };
		41BCCCCB1BE976FF00E83BF4 /* Info.plist */ = {isa = PBXFileReference; lastKnownFileType = text.plist.xml; path = Info.plist; sourceTree = "<group>"; };
/* End PBXFileReference section */

/* Begin PBXFrameworksBuildPhase section */
		41BCCCB91BE976FF00E83BF4 /* Frameworks */ = {
			isa = PBXFrameworksBuildPhase;
			buildActionMask = 2147483647;
			files = (
			);
			runOnlyForDeploymentPostprocessing = 0;
		};
/* End PBXFrameworksBuildPhase section */

/* Begin PBXGroup section */
		41BCCCB31BE976FF00E83BF4 = {
			isa = PBXGroup;
			children = (
				41BCCCBE1BE976FF00E83BF4 /* test and delete */,
				41BCCCBD1BE976FF00E83BF4 /* Products */,
			);
			sourceTree = "<group>";
		};
		41BCCCBD1BE976FF00E83BF4 /* Products */ = {
			isa = PBXGroup;
			children = (
				41BCCCBC1BE976FF00E83BF4 /* test and delete.app */,
			);
			name = Products;
			sourceTree = "<group>";
		};
		41BCCCBE1BE976FF00E83BF4 /* test and delete */ = {
			isa = PBXGroup;
			children = (
				41BCCCBF1BE976FF00E83BF4 /* AppDelegate.swift */,
				41BCCCC11BE976FF00E83BF4 /* ViewController.swift */,
				41BCCCC31BE976FF00E83BF4 /* Main.storyboard */,
				41BCCCC61BE976FF00E83BF4 /* Assets.xcassets */,
				41BCCCC81BE976FF00E83BF4 /* LaunchScreen.storyboard */,
				41BCCCCB1BE976FF00E83BF4 /* Info.plist */,
			);
			path = "test and delete";
			sourceTree = "<group>";
		};
/* End PBXGroup section */

/* Begin PBXNativeTarget section */
		41BCCCBB1BE976FF00E83BF4 /* test and delete */ = {
			isa = PBXNativeTarget;
			buildConfigurationList = 41BCCCCE1BE976FF00E83BF4 /* Build configuration list for PBXNativeTarget "test and delete" */;
			buildPhases = (
				41BCCCB81BE976FF00E83BF4 /* Sources */,
				41BCCCB91BE976FF00E83BF4 /* Frameworks */,
				41BCCCBA1BE976FF00E83BF4 /* Resources */,
			);
			buildRules = (
			);
			dependencies = (
			);
			name = "test and delete";
			productName = "test and delete";
			productReference = 41BCCCBC1BE976FF00E83BF4 /* test and delete.app */;
			productType = "com.apple.product-type.application";
		};
/* End PBXNativeTarget section */

/* Begin PBXProject section */
		41BCCCB41BE976FF00E83BF4 /* Project object */ = {
			isa = PBXProject;
			attributes = {
				LastSwiftUpdateCheck = 0710;
				LastUpgradeCheck = 0710;
				ORGANIZATIONNAME = "Nivardo Ibarra";
				TargetAttributes = {
					41BCCCBB1BE976FF00E83BF4 = {
						CreatedOnToolsVersion = 7.1;
						DevelopmentTeam = 3P6GBLK989;
					};
				};
			};
			buildConfigurationList = 41BCCCB71BE976FF00E83BF4 /* Build configuration list for PBXProject "test and delete" */;
			compatibilityVersion = "Xcode 3.2";
			developmentRegion = English;
			hasScannedForEncodings = 0;
			knownRegions = (
				en,
				Base,
			);
			mainGroup = 41BCCCB31BE976FF00E83BF4;
			productRefGroup = 41BCCCBD1BE976FF00E83BF4 /* Products */;
			projectDirPath = "";
			projectRoot = "";
			targets = (
				41BCCCBB1BE976FF00E83BF4 /* test and delete */,
			);
		};
/* End PBXProject section */

/* Begin PBXResourcesBuildPhase section */
		41BCCCBA1BE976FF00E83BF4 /* Resources */ = {
			isa = PBXResourcesBuildPhase;
			buildActionMask = 2147483647;
			files = (
				41BCCCCA1BE976FF00E83BF4 /* LaunchScreen.storyboard in Resources */,
				41BCCCC71BE976FF00E83BF4 /* Assets.xcassets in Resources */,
				41BCCCC51BE976FF00E83BF4 /* Main.storyboard in Resources */,
			);
			runOnlyForDeploymentPostprocessing = 0;
		};
/* End PBXResourcesBuildPhase section */

/* Begin PBXSourcesBuildPhase section */
		41BCCCB81BE976FF00E83BF4 /* Sources */ = {
			isa = PBXSourcesBuildPhase;
			buildActionMask = 2147483647;
			files = (
				41BCCCC21BE976FF00E83BF4 /* ViewController.swift in Sources */,
				41BCCCC01BE976FF00E83BF4 /* AppDelegate.swift in Sources */,
			);
			runOnlyForDeploymentPostprocessing = 0;
		};
/* End PBXSourcesBuildPhase section */

/* Begin PBXVariantGroup section */
		41BCCCC31BE976FF00E83BF4 /* Main.storyboard */ = {
			isa = PBXVariantGroup;
			children = (
				41BCCCC41BE976FF00E83BF4 /* Base */,
			);
			name = Main.storyboard;
			sourceTree = "<group>";
		};
		41BCCCC81BE976FF00E83BF4 /* LaunchScreen.storyboard */ = {
			isa = PBXVariantGroup;
			children = (
				41BCCCC91BE976FF00E83BF4 /* Base */,
			);
			name = LaunchScreen.storyboard;
			sourceTree = "<group>";
		};
/* End PBXVariantGroup section */

/* Begin XCBuildConfiguration section */
		41BCCCCC1BE976FF00E83BF4 /* Debug */ = {
			isa = XCBuildConfiguration;
			buildSettings = {
				ALWAYS_SEARCH_USER_PATHS = NO;
				CLANG_CXX_LANGUAGE_STANDARD = "gnu++0x";
				CLANG_CXX_LIBRARY = "libc++";
				CLANG_ENABLE_MODULES = YES;
				CLANG_ENABLE_OBJC_ARC = YES;
				CLANG_WARN_BOOL_CONVERSION = YES;
				CLANG_WARN_CONSTANT_CONVERSION = YES;
				CLANG_WARN_DIRECT_OBJC_ISA_USAGE = YES_ERROR;
				CLANG_WARN_EMPTY_BODY = YES;
				CLANG_WARN_ENUM_CONVERSION = YES;
				CLANG_WARN_INT_CONVERSION = YES;
				CLANG_WARN_OBJC_ROOT_CLASS = YES_ERROR;
				CLANG_WARN_UNREACHABLE_CODE = YES;
				CLANG_WARN__DUPLICATE_METHOD_MATCH = YES;
				"CODE_SIGN_IDENTITY[sdk=iphoneos*]" = "iPhone Developer";
				COPY_PHASE_STRIP = NO;
				DEBUG_INFORMATION_FORMAT = dwarf;
				ENABLE_STRICT_OBJC_MSGSEND = YES;
				ENABLE_TESTABILITY = YES;
				GCC_C_LANGUAGE_STANDARD = gnu99;
				GCC_DYNAMIC_NO_PIC = NO;
				GCC_NO_COMMON_BLOCKS = YES;
				GCC_OPTIMIZATION_LEVEL = 0;
				GCC_PREPROCESSOR_DEFINITIONS = (
					"DEBUG=1",
					"$(inherited)",
				);
				GCC_WARN_64_TO_32_BIT_CONVERSION = YES;
				GCC_WARN_ABOUT_RETURN_TYPE = YES_ERROR;
				GCC_WARN_UNDECLARED_SELECTOR = YES;
				GCC_WARN_UNINITIALIZED_AUTOS = YES_AGGRESSIVE;
				GCC_WARN_UNUSED_FUNCTION = YES;
				GCC_WARN_UNUSED_VARIABLE = YES;
				IPHONEOS_DEPLOYMENT_TARGET = 9.1;
				MTL_ENABLE_DEBUG_INFO = YES;
				ONLY_ACTIVE_ARCH = YES;
				SDKROOT = iphoneos;
				SWIFT_OPTIMIZATION_LEVEL = "-Onone";
			};
			name = Debug;
		};
		41BCCCCD1BE976FF00E83BF4 /* Release */ = {
			isa = XCBuildConfiguration;
			buildSettings = {
				ALWAYS_SEARCH_USER_PATHS = NO;
				CLANG_CXX_LANGUAGE_STANDARD = "gnu++0x";
				CLANG_CXX_LIBRARY = "libc++";
				CLANG_ENABLE_MODULES = YES;
				CLANG_ENABLE_OBJC_ARC = YES;
				CLANG_WARN_BOOL_CONVERSION = YES;
				CLANG_WARN_CONSTANT_CONVERSION = YES;
				CLANG_WARN_DIRECT_OBJC_ISA_USAGE = YES_ERROR;
				CLANG_WARN_EMPTY_BODY = YES;
				CLANG_WARN_ENUM_CONVERSION = YES;
				CLANG_WARN_INT_CONVERSION = YES;
				CLANG_WARN_OBJC_ROOT_CLASS = YES_ERROR;
				CLANG_WARN_UNREACHABLE_CODE = YES;
				CLANG_WARN__DUPLICATE_METHOD_MATCH = YES;
				"CODE_SIGN_IDENTITY[sdk=iphoneos*]" = "iPhone Developer";
				COPY_PHASE_STRIP = NO;
				DEBUG_INFORMATION_FORMAT = "dwarf-with-dsym";
				ENABLE_NS_ASSERTIONS = NO;
				ENABLE_STRICT_OBJC_MSGSEND = YES;
				GCC_C_LANGUAGE_STANDARD = gnu99;
				GCC_NO_COMMON_BLOCKS = YES;
				GCC_WARN_64_TO_32_BIT_CONVERSION = YES;
				GCC_WARN_ABOUT_RETURN_TYPE = YES_ERROR;
				GCC_WARN_UNDECLARED_SELECTOR = YES;
				GCC_WARN_UNINITIALIZED_AUTOS = YES_AGGRESSIVE;
				GCC_WARN_UNUSED_FUNCTION = YES;
				GCC_WARN_UNUSED_VARIABLE = YES;
				IPHONEOS_DEPLOYMENT_TARGET = 9.1;
				MTL_ENABLE_DEBUG_INFO = NO;
				SDKROOT = iphoneos;
				VALIDATE_PRODUCT = YES;
			};
			name = Release;
		};
		41BCCCCF1BE976FF00E83BF4 /* Debug */ = {
			isa = XCBuildConfiguration;
			buildSettings = {
				ASSETCATALOG_COMPILER_APPICON_NAME = AppIcon;
				INFOPLIST_FILE = "test and delete/Info.plist";
				LD_RUNPATH_SEARCH_PATHS = "$(inherited) @executable_path/Frameworks";
				PRODUCT_BUNDLE_IDENTIFIER = "ibarra.nivardo.nayeli.lopez.test-and-delete";
				PRODUCT_NAME = "$(TARGET_NAME)";
			};
			name = Debug;
		};
		41BCCCD01BE976FF00E83BF4 /* Release */ = {
			isa = XCBuildConfiguration;
			buildSettings = {
				ASSETCATALOG_COMPILER_APPICON_NAME = AppIcon;
				INFOPLIST_FILE = "test and delete/Info.plist";
				LD_RUNPATH_SEARCH_PATHS = "$(inherited) @executable_path/Frameworks";
				PRODUCT_BUNDLE_IDENTIFIER = "ibarra.nivardo.nayeli.lopez.test-and-delete";
				PRODUCT_NAME = "$(TARGET_NAME)";
			};
			name = Release;
		};
/* End XCBuildConfiguration section */

/* Begin XCConfigurationList section */
		41BCCCB71BE976FF00E83BF4 /* Build configuration list for PBXProject "test and delete" */ = {
			isa = XCConfigurationList;
			buildConfigurations = (
				41BCCCCC1BE976FF00E83BF4 /* Debug */,
				41BCCCCD1BE976FF00E83BF4 /* Release */,
			);
			defaultConfigurationIsVisible = 0;
			defaultConfigurationName = Release;
		};
		41BCCCCE1BE976FF00E83BF4 /* Build configuration list for PBXNativeTarget "test and delete" */ = {
			isa = XCConfigurationList;
			buildConfigurations = (
				41BCCCCF1BE976FF00E83BF4 /* Debug */,
				41BCCCD01BE976FF00E83BF4 /* Release */,
			);
			defaultConfigurationIsVisible = 0;
		};
/* End XCConfigurationList section */
	};
	rootObject = 41BCCCB41BE976FF00E83BF4 /* Project object */;
}
